
Microsoft Visual Studio Solution File, Format Version 12.00
# Visual Studio Version 17
VisualStudioVersion = 17.8.34511.84
MinimumVisualStudioVersion = 10.0.40219.1
Project("{FAE04EC0-301F-11D3-BF4B-00C04F79EFBC}") = "RearrangeArray", "RearrangeArray.csproj", "{C90AE0F7-DB43-402A-BA67-0CFE4BA45C79}"
EndProject
Global
	GlobalSection(SolutionConfigurationPlatforms) = preSolution
		Debug|Any CPU = Debug|Any CPU
		Release|Any CPU = Release|Any CPU
	EndGlobalSection
	GlobalSection(ProjectConfigurationPlatforms) = postSolution
		{C90AE0F7-DB43-402A-BA67-0CFE4BA45C79}.Debug|Any CPU.ActiveCfg = Debug|Any CPU
		{C90AE0F7-DB43-402A-BA67-0CFE4BA45C79}.Debug|Any CPU.Build.0 = Debug|Any CPU
		{C90AE0F7-DB43-402A-BA67-0CFE4BA45C79}.Release|Any CPU.ActiveCfg = Release|Any CPU
		{C90AE0F7-DB43-402A-BA67-0CFE4BA45C79}.Release|Any CPU.Build.0 = Release|Any CPU
	EndGlobalSection
	GlobalSection(SolutionProperties) = preSolution
		HideSolutionNode = FALSE
	EndGlobalSection
	GlobalSection(ExtensibilityGlobals) = postSolution
		SolutionGuid = {9B645B5D-E328-47FA-85C1-1AFCA4448F79}
	EndGlobalSection
EndGlobal
